
Microsoft Visual Studio Solution File, Format Version 12.00
# Visual Studio Version 17
VisualStudioVersion = 17.5.33627.172
MinimumVisualStudioVersion = 10.0.40219.1
Project("{FAE04EC0-301F-11D3-BF4B-00C04F79EFBC}") = "jenkins", "jenkins\jenkins.csproj", "{9F1683D3-6D21-4717-ACB4-4FC58259D469}"
EndProject
Global
	GlobalSection(SolutionConfigurationPlatforms) = preSolution
		Debug|Any CPU = Debug|Any CPU
		Release|Any CPU = Release|Any CPU
	EndGlobalSection
	GlobalSection(ProjectConfigurationPlatforms) = postSolution
		{9F1683D3-6D21-4717-ACB4-4FC58259D469}.Debug|Any CPU.ActiveCfg = Debug|Any CPU
		{9F1683D3-6D21-4717-ACB4-4FC58259D469}.Debug|Any CPU.Build.0 = Debug|Any CPU
		{9F1683D3-6D21-4717-ACB4-4FC58259D469}.Release|Any CPU.ActiveCfg = Release|Any CPU
		{9F1683D3-6D21-4717-ACB4-4FC58259D469}.Release|Any CPU.Build.0 = Release|Any CPU
	EndGlobalSection
	GlobalSection(SolutionProperties) = preSolution
		HideSolutionNode = FALSE
	EndGlobalSection
	GlobalSection(ExtensibilityGlobals) = postSolution
		SolutionGuid = {3EEA8A0F-56BD-4024-9203-0F63595E5DBF}
	EndGlobalSection
EndGlobal
